
Microsoft Visual Studio Solution File, Format Version 12.00
# Visual Studio Version 16
VisualStudioVersion = 16.0.31112.23
MinimumVisualStudioVersion = 10.0.40219.1
Project("{FAE04EC0-301F-11D3-BF4B-00C04F79EFBC}") = "LabClases2", "LabClases2\LabClases2.csproj", "{37806376-B572-4489-8E17-7C52D3606FB1}"
EndProject
Project("{FAE04EC0-301F-11D3-BF4B-00C04F79EFBC}") = "Clases", "Clases\Clases.csproj", "{B7A4FD0C-572C-47F4-B4DC-9E0E9E187482}"
EndProject
Global
	GlobalSection(SolutionConfigurationPlatforms) = preSolution
		Debug|Any CPU = Debug|Any CPU
		Release|Any CPU = Release|Any CPU
	EndGlobalSection
	GlobalSection(ProjectConfigurationPlatforms) = postSolution
		{37806376-B572-4489-8E17-7C52D3606FB1}.Debug|Any CPU.ActiveCfg = Debug|Any CPU
		{37806376-B572-4489-8E17-7C52D3606FB1}.Debug|Any CPU.Build.0 = Debug|Any CPU
		{37806376-B572-4489-8E17-7C52D3606FB1}.Release|Any CPU.ActiveCfg = Release|Any CPU
		{37806376-B572-4489-8E17-7C52D3606FB1}.Release|Any CPU.Build.0 = Release|Any CPU
		{B7A4FD0C-572C-47F4-B4DC-9E0E9E187482}.Debug|Any CPU.ActiveCfg = Debug|Any CPU
		{B7A4FD0C-572C-47F4-B4DC-9E0E9E187482}.Debug|Any CPU.Build.0 = Debug|Any CPU
		{B7A4FD0C-572C-47F4-B4DC-9E0E9E187482}.Release|Any CPU.ActiveCfg = Release|Any CPU
		{B7A4FD0C-572C-47F4-B4DC-9E0E9E187482}.Release|Any CPU.Build.0 = Release|Any CPU
	EndGlobalSection
	GlobalSection(SolutionProperties) = preSolution
		HideSolutionNode = FALSE
	EndGlobalSection
	GlobalSection(ExtensibilityGlobals) = postSolution
		SolutionGuid = {B3B9C467-43AB-4DF8-B496-5717A9A6C41B}
	EndGlobalSection
EndGlobal
